
Microsoft Visual Studio Solution File, Format Version 12.00
# Visual Studio Version 17
VisualStudioVersion = 17.11.35327.3
MinimumVisualStudioVersion = 10.0.40219.1
Project("{9A19103F-16F7-4668-BE54-9A1E7A4F7556}") = "Wicked", "Wicked\Wicked.csproj", "{1058BD0E-AA20-457D-B63D-3B26E7CC24A5}"
EndProject
Project("{9A19103F-16F7-4668-BE54-9A1E7A4F7556}") = "WickedLogic", "WickedLogic\WickedLogic.csproj", "{21D2AA55-954F-4F12-8ACA-23758EA74F77}"
EndProject
Global
	GlobalSection(SolutionConfigurationPlatforms) = preSolution
		Debug|Any CPU = Debug|Any CPU
		Release|Any CPU = Release|Any CPU
	EndGlobalSection
	GlobalSection(ProjectConfigurationPlatforms) = postSolution
		{1058BD0E-AA20-457D-B63D-3B26E7CC24A5}.Debug|Any CPU.ActiveCfg = Debug|Any CPU
		{1058BD0E-AA20-457D-B63D-3B26E7CC24A5}.Debug|Any CPU.Build.0 = Debug|Any CPU
		{1058BD0E-AA20-457D-B63D-3B26E7CC24A5}.Release|Any CPU.ActiveCfg = Release|Any CPU
		{1058BD0E-AA20-457D-B63D-3B26E7CC24A5}.Release|Any CPU.Build.0 = Release|Any CPU
		{21D2AA55-954F-4F12-8ACA-23758EA74F77}.Debug|Any CPU.ActiveCfg = Debug|Any CPU
		{21D2AA55-954F-4F12-8ACA-23758EA74F77}.Debug|Any CPU.Build.0 = Debug|Any CPU
		{21D2AA55-954F-4F12-8ACA-23758EA74F77}.Release|Any CPU.ActiveCfg = Release|Any CPU
		{21D2AA55-954F-4F12-8ACA-23758EA74F77}.Release|Any CPU.Build.0 = Release|Any CPU
	EndGlobalSection
	GlobalSection(SolutionProperties) = preSolution
		HideSolutionNode = FALSE
	EndGlobalSection
	GlobalSection(ExtensibilityGlobals) = postSolution
		SolutionGuid = {EB000252-24D9-4F21-BBA3-CF1F5A791CF8}
	EndGlobalSection
EndGlobal
